PODS:
  - Alamofire (5.6.4)
  - AlamofireImage (4.2.0):
    - Alamofire (~> 5.4)
  - ParseSwift (4.14.2)

DEPENDENCIES:
  - Alamofire
  - AlamofireImage
  - ParseSwift

SPEC REPOS:
  trunk:
    - Alamofire
    - AlamofireImage
    - ParseSwift

SPEC CHECKSUMS:
  Alamofire: 4e95d97098eacb88856099c4fc79b526a299e48c
  AlamofireImage: 34a2d90b0e5fe6a5605f85ae4b7b01e784c60192
  ParseSwift: 5df70e3d5aed3351fb3188ddf0a2812b7983a379

PODFILE CHECKSUM: 1718e6d0d524caaf11f7802155ee80eb0dfdf194

COCOAPODS: 1.12.0
