// !$*UTF8*$!
{
	archiveVersion = 1;
	classes = {
	};
	objectVersion = 56;
	objects = {

/* Begin PBXBuildFile section */
		13A976F6DCA4697B200692AE /* Pods_bereal_clone.framework in Frameworks */ = {isa = PBXBuildFile; fileRef = DA2CCE8E5D78542A9DE2521E /* Pods_bereal_clone.framework */; };
		390C30FC29CE89B60037C50D /* DateFormatter+Extensions.swift in Sources */ = {isa = PBXBuildFile; fileRef = 390C30FB29CE89B60037C50D /* DateFormatter+Extensions.swift */; };
		390C30FF29CFDA6A0037C50D /* PostViewController.swift in Sources */ = {isa = PBXBuildFile; fileRef = 390C30FE29CFDA6A0037C50D /* PostViewController.swift */; };
		391F2AB929CD309700B1055F /* SignupViewController.swift in Sources */ = {isa = PBXBuildFile; fileRef = 391F2AB829CD309700B1055F /* SignupViewController.swift */; };
		3922361529CCC57C00E45389 /* AppDelegate.swift in Sources */ = {isa = PBXBuildFile; fileRef = 3922361429CCC57C00E45389 /* AppDelegate.swift */; };
		3922361729CCC57C00E45389 /* SceneDelegate.swift in Sources */ = {isa = PBXBuildFile; fileRef = 3922361629CCC57C00E45389 /* SceneDelegate.swift */; };
		3922361929CCC57C00E45389 /* LoginViewController.swift in Sources */ = {isa = PBXBuildFile; fileRef = 3922361829CCC57C00E45389 /* LoginViewController.swift */; };
		3922361C29CCC57C00E45389 /* Main.storyboard in Resources */ = {isa = PBXBuildFile; fileRef = 3922361A29CCC57C00E45389 /* Main.storyboard */; };
		3922361E29CCC57D00E45389 /* Assets.xcassets in Resources */ = {isa = PBXBuildFile; fileRef = 3922361D29CCC57D00E45389 /* Assets.xcassets */; };
		3922362129CCC57D00E45389 /* LaunchScreen.storyboard in Resources */ = {isa = PBXBuildFile; fileRef = 3922361F29CCC57D00E45389 /* LaunchScreen.storyboard */; };
		3954E94C29DA7F360099711A /* UIImageView+Letters.swift in Sources */ = {isa = PBXBuildFile; fileRef = 3954E94B29DA7F360099711A /* UIImageView+Letters.swift */; };
		396CB36429CD245300627554 /* User.swift in Sources */ = {isa = PBXBuildFile; fileRef = 396CB36329CD245300627554 /* User.swift */; };
		3991657229CE6DC2005EC6B7 /* Post.swift in Sources */ = {isa = PBXBuildFile; fileRef = 3991657129CE6DC2005EC6B7 /* Post.swift */; };
		3991657529CE7683005EC6B7 /* FeedViewController.swift in Sources */ = {isa = PBXBuildFile; fileRef = 3991657429CE7683005EC6B7 /* FeedViewController.swift */; };
		3991657729CE769B005EC6B7 /* PostCell.swift in Sources */ = {isa = PBXBuildFile; fileRef = 3991657629CE769B005EC6B7 /* PostCell.swift */; };
/* End PBXBuildFile section */

/* Begin PBXFileReference section */
		324799DF0272B875B07D38BC /* Pods-bereal-clone.debug.xcconfig */ = {isa = PBXFileReference; includeInIndex = 1; lastKnownFileType = text.xcconfig; name = "Pods-bereal-clone.debug.xcconfig"; path = "Target Support Files/Pods-bereal-clone/Pods-bereal-clone.debug.xcconfig"; sourceTree = "<group>"; };
		390C30FB29CE89B60037C50D /* DateFormatter+Extensions.swift */ = {isa = PBXFileReference; lastKnownFileType = sourcecode.swift; path = "DateFormatter+Extensions.swift"; sourceTree = "<group>"; };
		390C30FE29CFDA6A0037C50D /* PostViewController.swift */ = {isa = PBXFileReference; lastKnownFileType = sourcecode.swift; path = PostViewController.swift; sourceTree = "<group>"; };
		391F2AB829CD309700B1055F /* SignupViewController.swift */ = {isa = PBXFileReference; lastKnownFileType = sourcecode.swift; path = SignupViewController.swift; sourceTree = "<group>"; };
		3922361129CCC57C00E45389 /* bereal-clone.app */ = {isa = PBXFileReference; explicitFileType = wrapper.application; includeInIndex = 0; path = "bereal-clone.app"; sourceTree = BUILT_PRODUCTS_DIR; };
		3922361429CCC57C00E45389 /* AppDelegate.swift */ = {isa = PBXFileReference; lastKnownFileType = sourcecode.swift; path = AppDelegate.swift; sourceTree = "<group>"; };
		3922361629CCC57C00E45389 /* SceneDelegate.swift */ = {isa = PBXFileReference; lastKnownFileType = sourcecode.swift; path = SceneDelegate.swift; sourceTree = "<group>"; };
		3922361829CCC57C00E45389 /* LoginViewController.swift */ = {isa = PBXFileReference; lastKnownFileType = sourcecode.swift; path = LoginViewController.swift; sourceTree = "<group>"; };
		3922361B29CCC57C00E45389 /* Base */ = {isa = PBXFileReference; lastKnownFileType = file.storyboard; name = Base; path = Base.lproj/Main.storyboard; sourceTree = "<group>"; };
		3922361D29CCC57D00E45389 /* Assets.xcassets */ = {isa = PBXFileReference; lastKnownFileType = folder.assetcatalog; path = Assets.xcassets; sourceTree = "<group>"; };
		3922362029CCC57D00E45389 /* Base */ = {isa = PBXFileReference; lastKnownFileType = file.storyboard; name = Base; path = Base.lproj/LaunchScreen.storyboard; sourceTree = "<group>"; };
		3922362229CCC57D00E45389 /* Info.plist */ = {isa = PBXFileReference; lastKnownFileType = text.plist.xml; path = Info.plist; sourceTree = "<group>"; };
		3954E94B29DA7F360099711A /* UIImageView+Letters.swift */ = {isa = PBXFileReference; lastKnownFileType = sourcecode.swift; path = "UIImageView+Letters.swift"; sourceTree = "<group>"; };
		396CB36329CD245300627554 /* User.swift */ = {isa = PBXFileReference; lastKnownFileType = sourcecode.swift; path = User.swift; sourceTree = "<group>"; };
		3991657129CE6DC2005EC6B7 /* Post.swift */ = {isa = PBXFileReference; lastKnownFileType = sourcecode.swift; path = Post.swift; sourceTree = "<group>"; };
		3991657429CE7683005EC6B7 /* FeedViewController.swift */ = {isa = PBXFileReference; lastKnownFileType = sourcecode.swift; path = FeedViewController.swift; sourceTree = "<group>"; };
		3991657629CE769B005EC6B7 /* PostCell.swift */ = {isa = PBXFileReference; lastKnownFileType = sourcecode.swift; path = PostCell.swift; sourceTree = "<group>"; };
		DA2CCE8E5D78542A9DE2521E /* Pods_bereal_clone.framework */ = {isa = PBXFileReference; explicitFileType = wrapper.framework; includeInIndex = 0; path = Pods_bereal_clone.framework; sourceTree = BUILT_PRODUCTS_DIR; };
		EC91622CD2BA1E346A45218A /* Pods-bereal-clone.release.xcconfig */ = {isa = PBXFileReference; includeInIndex = 1; lastKnownFileType = text.xcconfig; name = "Pods-bereal-clone.release.xcconfig"; path = "Target Support Files/Pods-bereal-clone/Pods-bereal-clone.release.xcconfig"; sourceTree = "<group>"; };
/* End PBXFileReference section */

/* Begin PBXFrameworksBuildPhase section */
		3922360E29CCC57C00E45389 /* Frameworks */ = {
			isa = PBXFrameworksBuildPhase;
			buildActionMask = 2147483647;
			files = (
				13A976F6DCA4697B200692AE /* Pods_bereal_clone.framework in Frameworks */,
			);
			runOnlyForDeploymentPostprocessing = 0;
		};
/* End PBXFrameworksBuildPhase section */

/* Begin PBXGroup section */
		0363377F1EF5130F72954B2A /* Pods */ = {
			isa = PBXGroup;
			children = (
				324799DF0272B875B07D38BC /* Pods-bereal-clone.debug.xcconfig */,
				EC91622CD2BA1E346A45218A /* Pods-bereal-clone.release.xcconfig */,
			);
			path = Pods;
			sourceTree = "<group>";
		};
		390C30FA29CE89980037C50D /* Extensions */ = {
			isa = PBXGroup;
			children = (
				390C30FB29CE89B60037C50D /* DateFormatter+Extensions.swift */,
			);
			path = Extensions;
			sourceTree = "<group>";
		};
		390C30FD29CFDA530037C50D /* Post */ = {
			isa = PBXGroup;
			children = (
				390C30FE29CFDA6A0037C50D /* PostViewController.swift */,
			);
			path = Post;
			sourceTree = "<group>";
		};
		391F2AB429CD2E2E00B1055F /* Login */ = {
			isa = PBXGroup;
			children = (
				3922361829CCC57C00E45389 /* LoginViewController.swift */,
				391F2AB829CD309700B1055F /* SignupViewController.swift */,
			);
			path = Login;
			sourceTree = "<group>";
		};
		3922360829CCC57C00E45389 = {
			isa = PBXGroup;
			children = (
				3922361329CCC57C00E45389 /* bereal-clone */,
				3922361229CCC57C00E45389 /* Products */,
				0363377F1EF5130F72954B2A /* Pods */,
				900035D52D15C702447F902D /* Frameworks */,
			);
			sourceTree = "<group>";
		};
		3922361229CCC57C00E45389 /* Products */ = {
			isa = PBXGroup;
			children = (
				3922361129CCC57C00E45389 /* bereal-clone.app */,
			);
			name = Products;
			sourceTree = "<group>";
		};
		3922361329CCC57C00E45389 /* bereal-clone */ = {
			isa = PBXGroup;
			children = (
				390C30FD29CFDA530037C50D /* Post */,
				390C30FA29CE89980037C50D /* Extensions */,
				396CB35F29CD059500627554 /* Models */,
				391F2AB429CD2E2E00B1055F /* Login */,
				3991657329CE7645005EC6B7 /* Feed */,
				3922361429CCC57C00E45389 /* AppDelegate.swift */,
				3922361629CCC57C00E45389 /* SceneDelegate.swift */,
				3922361A29CCC57C00E45389 /* Main.storyboard */,
				3922361D29CCC57D00E45389 /* Assets.xcassets */,
				3922361F29CCC57D00E45389 /* LaunchScreen.storyboard */,
				3922362229CCC57D00E45389 /* Info.plist */,
				3954E94B29DA7F360099711A /* UIImageView+Letters.swift */,
			);
			path = "bereal-clone";
			sourceTree = "<group>";
		};
		396CB35F29CD059500627554 /* Models */ = {
			isa = PBXGroup;
			children = (
				396CB36329CD245300627554 /* User.swift */,
				3991657129CE6DC2005EC6B7 /* Post.swift */,
			);
			path = Models;
			sourceTree = "<group>";
		};
		3991657329CE7645005EC6B7 /* Feed */ = {
			isa = PBXGroup;
			children = (
				3991657429CE7683005EC6B7 /* FeedViewController.swift */,
				3991657629CE769B005EC6B7 /* PostCell.swift */,
			);
			path = Feed;
			sourceTree = "<group>";
		};
		900035D52D15C702447F902D /* Frameworks */ = {
			isa = PBXGroup;
			children = (
				DA2CCE8E5D78542A9DE2521E /* Pods_bereal_clone.framework */,
			);
			name = Frameworks;
			sourceTree = "<group>";
		};
/* End PBXGroup section */

/* Begin PBXNativeTarget section */
		3922361029CCC57C00E45389 /* bereal-clone */ = {
			isa = PBXNativeTarget;
			buildConfigurationList = 3922362529CCC57D00E45389 /* Build configuration list for PBXNativeTarget "bereal-clone" */;
			buildPhases = (
				25E3D08EDD9A01B2B1DF129A /* [CP] Check Pods Manifest.lock */,
				3922360D29CCC57C00E45389 /* Sources */,
				3922360E29CCC57C00E45389 /* Frameworks */,
				3922360F29CCC57C00E45389 /* Resources */,
				A18BD1A7ACE8D55FE6828CD7 /* [CP] Embed Pods Frameworks */,
			);
			buildRules = (
			);
			dependencies = (
			);
			name = "bereal-clone";
			productName = "bereal-clone";
			productReference = 3922361129CCC57C00E45389 /* bereal-clone.app */;
			productType = "com.apple.product-type.application";
		};
/* End PBXNativeTarget section */

/* Begin PBXProject section */
		3922360929CCC57C00E45389 /* Project object */ = {
			isa = PBXProject;
			attributes = {
				BuildIndependentTargetsInParallel = 1;
				LastSwiftUpdateCheck = 1420;
				LastUpgradeCheck = 1420;
				TargetAttributes = {
					3922361029CCC57C00E45389 = {
						CreatedOnToolsVersion = 14.2;
						LastSwiftMigration = 1430;
					};
				};
			};
			buildConfigurationList = 3922360C29CCC57C00E45389 /* Build configuration list for PBXProject "bereal-clone" */;
			compatibilityVersion = "Xcode 14.0";
			developmentRegion = en;
			hasScannedForEncodings = 0;
			knownRegions = (
				en,
				Base,
			);
			mainGroup = 3922360829CCC57C00E45389;
			productRefGroup = 3922361229CCC57C00E45389 /* Products */;
			projectDirPath = "";
			projectRoot = "";
			targets = (
				3922361029CCC57C00E45389 /* bereal-clone */,
			);
		};
/* End PBXProject section */

/* Begin PBXResourcesBuildPhase section */
		3922360F29CCC57C00E45389 /* Resources */ = {
			isa = PBXResourcesBuildPhase;
			buildActionMask = 2147483647;
			files = (
				3922362129CCC57D00E45389 /* LaunchScreen.storyboard in Resources */,
				3922361E29CCC57D00E45389 /* Assets.xcassets in Resources */,
				3922361C29CCC57C00E45389 /* Main.storyboard in Resources */,
			);
			runOnlyForDeploymentPostprocessing = 0;
		};
/* End PBXResourcesBuildPhase section */

/* Begin PBXShellScriptBuildPhase section */
		25E3D08EDD9A01B2B1DF129A /* [CP] Check Pods Manifest.lock */ = {
			isa = PBXShellScriptBuildPhase;
			buildActionMask = 2147483647;
			files = (
			);
			inputFileListPaths = (
			);
			inputPaths = (
				"${PODS_PODFILE_DIR_PATH}/Podfile.lock",
				"${PODS_ROOT}/Manifest.lock",
			);
			name = "[CP] Check Pods Manifest.lock";
			outputFileListPaths = (
			);
			outputPaths = (
				"$(DERIVED_FILE_DIR)/Pods-bereal-clone-checkManifestLockResult.txt",
			);
			runOnlyForDeploymentPostprocessing = 0;
			shellPath = /bin/sh;
			shellScript = "diff \"${PODS_PODFILE_DIR_PATH}/Podfile.lock\" \"${PODS_ROOT}/Manifest.lock\" > /dev/null\nif [ $? != 0 ] ; then\n    # print error to STDERR\n    echo \"error: The sandbox is not in sync with the Podfile.lock. Run 'pod install' or update your CocoaPods installation.\" >&2\n    exit 1\nfi\n# This output is used by Xcode 'outputs' to avoid re-running this script phase.\necho \"SUCCESS\" > \"${SCRIPT_OUTPUT_FILE_0}\"\n";
			showEnvVarsInLog = 0;
		};
		A18BD1A7ACE8D55FE6828CD7 /* [CP] Embed Pods Frameworks */ = {
			isa = PBXShellScriptBuildPhase;
			buildActionMask = 2147483647;
			files = (
			);
			inputFileListPaths = (
				"${PODS_ROOT}/Target Support Files/Pods-bereal-clone/Pods-bereal-clone-frameworks-${CONFIGURATION}-input-files.xcfilelist",
			);
			name = "[CP] Embed Pods Frameworks";
			outputFileListPaths = (
				"${PODS_ROOT}/Target Support Files/Pods-bereal-clone/Pods-bereal-clone-frameworks-${CONFIGURATION}-output-files.xcfilelist",
			);
			runOnlyForDeploymentPostprocessing = 0;
			shellPath = /bin/sh;
			shellScript = "\"${PODS_ROOT}/Target Support Files/Pods-bereal-clone/Pods-bereal-clone-frameworks.sh\"\n";
			showEnvVarsInLog = 0;
		};
/* End PBXShellScriptBuildPhase section */

/* Begin PBXSourcesBuildPhase section */
		3922360D29CCC57C00E45389 /* Sources */ = {
			isa = PBXSourcesBuildPhase;
			buildActionMask = 2147483647;
			files = (
				3922361929CCC57C00E45389 /* LoginViewController.swift in Sources */,
				3991657229CE6DC2005EC6B7 /* Post.swift in Sources */,
				3922361529CCC57C00E45389 /* AppDelegate.swift in Sources */,
				391F2AB929CD309700B1055F /* SignupViewController.swift in Sources */,
				390C30FF29CFDA6A0037C50D /* PostViewController.swift in Sources */,
				396CB36429CD245300627554 /* User.swift in Sources */,
				3954E94C29DA7F360099711A /* UIImageView+Letters.swift in Sources */,
				3922361729CCC57C00E45389 /* SceneDelegate.swift in Sources */,
				3991657529CE7683005EC6B7 /* FeedViewController.swift in Sources */,
				3991657729CE769B005EC6B7 /* PostCell.swift in Sources */,
				390C30FC29CE89B60037C50D /* DateFormatter+Extensions.swift in Sources */,
			);
			runOnlyForDeploymentPostprocessing = 0;
		};
/* End PBXSourcesBuildPhase section */

/* Begin PBXVariantGroup section */
		3922361A29CCC57C00E45389 /* Main.storyboard */ = {
			isa = PBXVariantGroup;
			children = (
				3922361B29CCC57C00E45389 /* Base */,
			);
			name = Main.storyboard;
			sourceTree = "<group>";
		};
		3922361F29CCC57D00E45389 /* LaunchScreen.storyboard */ = {
			isa = PBXVariantGroup;
			children = (
				3922362029CCC57D00E45389 /* Base */,
			);
			name = LaunchScreen.storyboard;
			sourceTree = "<group>";
		};
/* End PBXVariantGroup section */

/* Begin XCBuildConfiguration section */
		3922362329CCC57D00E45389 /* Debug */ = {
			isa = XCBuildConfiguration;
			buildSettings = {
				ALWAYS_SEARCH_USER_PATHS = NO;
				CLANG_ANALYZER_NONNULL = YES;
				CLANG_ANALYZER_NUMBER_OBJECT_CONVERSION = YES_AGGRESSIVE;
				CLANG_CXX_LANGUAGE_STANDARD = "gnu++20";
				CLANG_ENABLE_MODULES = YES;
				CLANG_ENABLE_OBJC_ARC = YES;
				CLANG_ENABLE_OBJC_WEAK = YES;
				CLANG_WARN_BLOCK_CAPTURE_AUTORELEASING = YES;
				CLANG_WARN_BOOL_CONVERSION = YES;
				CLANG_WARN_COMMA = YES;
				CLANG_WARN_CONSTANT_CONVERSION = YES;
				CLANG_WARN_DEPRECATED_OBJC_IMPLEMENTATIONS = YES;
				CLANG_WARN_DIRECT_OBJC_ISA_USAGE = YES_ERROR;
				CLANG_WARN_DOCUMENTATION_COMMENTS = YES;
				CLANG_WARN_EMPTY_BODY = YES;
				CLANG_WARN_ENUM_CONVERSION = YES;
				CLANG_WARN_INFINITE_RECURSION = YES;
				CLANG_WARN_INT_CONVERSION = YES;
				CLANG_WARN_NON_LITERAL_NULL_CONVERSION = YES;
				CLANG_WARN_OBJC_IMPLICIT_RETAIN_SELF = YES;
				CLANG_WARN_OBJC_LITERAL_CONVERSION = YES;
				CLANG_WARN_OBJC_ROOT_CLASS = YES_ERROR;
				CLANG_WARN_QUOTED_INCLUDE_IN_FRAMEWORK_HEADER = YES;
				CLANG_WARN_RANGE_LOOP_ANALYSIS = YES;
				CLANG_WARN_STRICT_PROTOTYPES = YES;
				CLANG_WARN_SUSPICIOUS_MOVE = YES;
				CLANG_WARN_UNGUARDED_AVAILABILITY = YES_AGGRESSIVE;
				CLANG_WARN_UNREACHABLE_CODE = YES;
				CLANG_WARN__DUPLICATE_METHOD_MATCH = YES;
				COPY_PHASE_STRIP = NO;
				DEBUG_INFORMATION_FORMAT = dwarf;
				ENABLE_STRICT_OBJC_MSGSEND = YES;
				ENABLE_TESTABILITY = YES;
				GCC_C_LANGUAGE_STANDARD = gnu11;
				GCC_DYNAMIC_NO_PIC = NO;
				GCC_NO_COMMON_BLOCKS = YES;
				GCC_OPTIMIZATION_LEVEL = 0;
				GCC_PREPROCESSOR_DEFINITIONS = (
					"DEBUG=1",
					"$(inherited)",
				);
				GCC_WARN_64_TO_32_BIT_CONVERSION = YES;
				GCC_WARN_ABOUT_RETURN_TYPE = YES_ERROR;
				GCC_WARN_UNDECLARED_SELECTOR = YES;
				GCC_WARN_UNINITIALIZED_AUTOS = YES_AGGRESSIVE;
				GCC_WARN_UNUSED_FUNCTION = YES;
				GCC_WARN_UNUSED_VARIABLE = YES;
				IPHONEOS_DEPLOYMENT_TARGET = 16.2;
				MTL_ENABLE_DEBUG_INFO = INCLUDE_SOURCE;
				MTL_FAST_MATH = YES;
				ONLY_ACTIVE_ARCH = YES;
				SDKROOT = iphoneos;
				SWIFT_ACTIVE_COMPILATION_CONDITIONS = DEBUG;
				SWIFT_OPTIMIZATION_LEVEL = "-Onone";
			};
			name = Debug;
		};
		3922362429CCC57D00E45389 /* Release */ = {
			isa = XCBuildConfiguration;
			buildSettings = {
				ALWAYS_SEARCH_USER_PATHS = NO;
				CLANG_ANALYZER_NONNULL = YES;
				CLANG_ANALYZER_NUMBER_OBJECT_CONVERSION = YES_AGGRESSIVE;
				CLANG_CXX_LANGUAGE_STANDARD = "gnu++20";
				CLANG_ENABLE_MODULES = YES;
				CLANG_ENABLE_OBJC_ARC = YES;
				CLANG_ENABLE_OBJC_WEAK = YES;
				CLANG_WARN_BLOCK_CAPTURE_AUTORELEASING = YES;
				CLANG_WARN_BOOL_CONVERSION = YES;
				CLANG_WARN_COMMA = YES;
				CLANG_WARN_CONSTANT_CONVERSION = YES;
				CLANG_WARN_DEPRECATED_OBJC_IMPLEMENTATIONS = YES;
				CLANG_WARN_DIRECT_OBJC_ISA_USAGE = YES_ERROR;
				CLANG_WARN_DOCUMENTATION_COMMENTS = YES;
				CLANG_WARN_EMPTY_BODY = YES;
				CLANG_WARN_ENUM_CONVERSION = YES;
				CLANG_WARN_INFINITE_RECURSION = YES;
				CLANG_WARN_INT_CONVERSION = YES;
				CLANG_WARN_NON_LITERAL_NULL_CONVERSION = YES;
				CLANG_WARN_OBJC_IMPLICIT_RETAIN_SELF = YES;
				CLANG_WARN_OBJC_LITERAL_CONVERSION = YES;
				CLANG_WARN_OBJC_ROOT_CLASS = YES_ERROR;
				CLANG_WARN_QUOTED_INCLUDE_IN_FRAMEWORK_HEADER = YES;
				CLANG_WARN_RANGE_LOOP_ANALYSIS = YES;
				CLANG_WARN_STRICT_PROTOTYPES = YES;
				CLANG_WARN_SUSPICIOUS_MOVE = YES;
				CLANG_WARN_UNGUARDED_AVAILABILITY = YES_AGGRESSIVE;
				CLANG_WARN_UNREACHABLE_CODE = YES;
				CLANG_WARN__DUPLICATE_METHOD_MATCH = YES;
				COPY_PHASE_STRIP = NO;
				DEBUG_INFORMATION_FORMAT = "dwarf-with-dsym";
				ENABLE_NS_ASSERTIONS = NO;
				ENABLE_STRICT_OBJC_MSGSEND = YES;
				GCC_C_LANGUAGE_STANDARD = gnu11;
				GCC_NO_COMMON_BLOCKS = YES;
				GCC_WARN_64_TO_32_BIT_CONVERSION = YES;
				GCC_WARN_ABOUT_RETURN_TYPE = YES_ERROR;
				GCC_WARN_UNDECLARED_SELECTOR = YES;
				GCC_WARN_UNINITIALIZED_AUTOS = YES_AGGRESSIVE;
				GCC_WARN_UNUSED_FUNCTION = YES;
				GCC_WARN_UNUSED_VARIABLE = YES;
				IPHONEOS_DEPLOYMENT_TARGET = 16.2;
				MTL_ENABLE_DEBUG_INFO = NO;
				MTL_FAST_MATH = YES;
				SDKROOT = iphoneos;
				SWIFT_COMPILATION_MODE = wholemodule;
				SWIFT_OPTIMIZATION_LEVEL = "-O";
				VALIDATE_PRODUCT = YES;
			};
			name = Release;
		};
		3922362629CCC57D00E45389 /* Debug */ = {
			isa = XCBuildConfiguration;
			baseConfigurationReference = 324799DF0272B875B07D38BC /* Pods-bereal-clone.debug.xcconfig */;
			buildSettings = {
				ASSETCATALOG_COMPILER_APPICON_NAME = AppIcon;
				ASSETCATALOG_COMPILER_GLOBAL_ACCENT_COLOR_NAME = AccentColor;
				CLANG_ENABLE_MODULES = YES;
				CODE_SIGN_STYLE = Automatic;
				CURRENT_PROJECT_VERSION = 1;
				DEVELOPMENT_TEAM = X2SCMG9FW8;
				GENERATE_INFOPLIST_FILE = YES;
				INFOPLIST_FILE = "bereal-clone/Info.plist";
				INFOPLIST_KEY_UIApplicationSupportsIndirectInputEvents = YES;
				INFOPLIST_KEY_UILaunchStoryboardName = LaunchScreen;
				INFOPLIST_KEY_UIMainStoryboardFile = Main;
				INFOPLIST_KEY_UISupportedInterfaceOrientations_iPad = "UIInterfaceOrientationPortrait UIInterfaceOrientationPortraitUpsideDown UIInterfaceOrientationLandscapeLeft UIInterfaceOrientationLandscapeRight";
				INFOPLIST_KEY_UISupportedInterfaceOrientations_iPhone = "UIInterfaceOrientationPortrait UIInterfaceOrientationLandscapeLeft UIInterfaceOrientationLandscapeRight";
				LD_RUNPATH_SEARCH_PATHS = (
					"$(inherited)",
					"@executable_path/Frameworks",
				);
				MARKETING_VERSION = 1.0;
				PRODUCT_BUNDLE_IDENTIFIER = "BenjaminWoosley.bereal-clone";
				PRODUCT_NAME = "$(TARGET_NAME)";
				SWIFT_EMIT_LOC_STRINGS = YES;
				SWIFT_OPTIMIZATION_LEVEL = "-Onone";
				SWIFT_SUPPRESS_WARNINGS = YES;
				SWIFT_VERSION = 5.0;
				TARGETED_DEVICE_FAMILY = "1,2";
			};
			name = Debug;
		};
		3922362729CCC57D00E45389 /* Release */ = {
			isa = XCBuildConfiguration;
			baseConfigurationReference = EC91622CD2BA1E346A45218A /* Pods-bereal-clone.release.xcconfig */;
			buildSettings = {
				ASSETCATALOG_COMPILER_APPICON_NAME = AppIcon;
				ASSETCATALOG_COMPILER_GLOBAL_ACCENT_COLOR_NAME = AccentColor;
				CLANG_ENABLE_MODULES = YES;
				CODE_SIGN_STYLE = Automatic;
				CURRENT_PROJECT_VERSION = 1;
				DEVELOPMENT_TEAM = X2SCMG9FW8;
				GENERATE_INFOPLIST_FILE = YES;
				INFOPLIST_FILE = "bereal-clone/Info.plist";
				INFOPLIST_KEY_UIApplicationSupportsIndirectInputEvents = YES;
				INFOPLIST_KEY_UILaunchStoryboardName = LaunchScreen;
				INFOPLIST_KEY_UIMainStoryboardFile = Main;
				INFOPLIST_KEY_UISupportedInterfaceOrientations_iPad = "UIInterfaceOrientationPortrait UIInterfaceOrientationPortraitUpsideDown UIInterfaceOrientationLandscapeLeft UIInterfaceOrientationLandscapeRight";
				INFOPLIST_KEY_UISupportedInterfaceOrientations_iPhone = "UIInterfaceOrientationPortrait UIInterfaceOrientationLandscapeLeft UIInterfaceOrientationLandscapeRight";
				LD_RUNPATH_SEARCH_PATHS = (
					"$(inherited)",
					"@executable_path/Frameworks",
				);
				MARKETING_VERSION = 1.0;
				PRODUCT_BUNDLE_IDENTIFIER = "BenjaminWoosley.bereal-clone";
				PRODUCT_NAME = "$(TARGET_NAME)";
				SWIFT_EMIT_LOC_STRINGS = YES;
				SWIFT_OBJC_BRIDGING_HEADER = "bereal-clone/bereal-clone-Bridging-Header.h";
				SWIFT_SUPPRESS_WARNINGS = YES;
				SWIFT_VERSION = 5.0;
				TARGETED_DEVICE_FAMILY = "1,2";
			};
			name = Release;
		};
/* End XCBuildConfiguration section */

/* Begin XCConfigurationList section */
		3922360C29CCC57C00E45389 /* Build configuration list for PBXProject "bereal-clone" */ = {
			isa = XCConfigurationList;
			buildConfigurations = (
				3922362329CCC57D00E45389 /* Debug */,
				3922362429CCC57D00E45389 /* Release */,
			);
			defaultConfigurationIsVisible = 0;
			defaultConfigurationName = Release;
		};
		3922362529CCC57D00E45389 /* Build configuration list for PBXNativeTarget "bereal-clone" */ = {
			isa = XCConfigurationList;
			buildConfigurations = (
				3922362629CCC57D00E45389 /* Debug */,
				3922362729CCC57D00E45389 /* Release */,
			);
			defaultConfigurationIsVisible = 0;
			defaultConfigurationName = Release;
		};
/* End XCConfigurationList section */
	};
	rootObject = 3922360929CCC57C00E45389 /* Project object */;
}
